{
    "version": 3,
    "terraform_version": "0.9.4",
    "serial": 8,
    "lineage": "0c0089a0-5ed2-44bd-acd4-56ecb4c7f779",
    "modules": [
        {
            "path": [
                "root"
            ],
            "outputs": {
                "private_ip_redis01": {
                    "sensitive": false,
                    "type": "string",
                    "value": "172.31.31.117"
                },
                "private_ip_redis02": {
                    "sensitive": false,
                    "type": "string",
                    "value": "172.31.35.12"
                },
                "private_ip_redis03": {
                    "sensitive": false,
                    "type": "string",
                    "value": "172.31.4.170"
                },
                "public_ip_redis01": {
                    "sensitive": false,
                    "type": "string",
                    "value": "34.202.114.69"
                },
                "public_ip_redis02": {
                    "sensitive": false,
                    "type": "string",
                    "value": "52.203.169.29"
                },
                "public_ip_redis03": {
                    "sensitive": false,
                    "type": "string",
                    "value": "34.202.50.108"
                }
            },
            "resources": {
                "aws_eip.redis01": {
                    "type": "aws_eip",
                    "depends_on": [
                        "aws_instance.redis01"
                    ],
                    "primary": {
                        "id": "eipalloc-7c8ba04d",
                        "attributes": {
                            "association_id": "eipassoc-62bbaa52",
                            "domain": "vpc",
                            "id": "eipalloc-7c8ba04d",
                            "instance": "i-07581b663276cdfa4",
                            "network_interface": "eni-1abd6efe",
                            "private_ip": "172.31.31.117",
                            "public_ip": "34.202.114.69",
                            "vpc": "true"
                        },
                        "meta": {},
                        "tainted": false
                    },
                    "deposed": [],
                    "provider": ""
                },
                "aws_eip.redis02": {
                    "type": "aws_eip",
                    "depends_on": [
                        "aws_instance.redis02"
                    ],
                    "primary": {
                        "id": "eipalloc-7d8ba04c",
                        "attributes": {
                            "association_id": "eipassoc-8ab9a8ba",
                            "domain": "vpc",
                            "id": "eipalloc-7d8ba04c",
                            "instance": "i-089cbbb8bdd218947",
                            "network_interface": "eni-276c28ff",
                            "private_ip": "172.31.35.12",
                            "public_ip": "52.203.169.29",
                            "vpc": "true"
                        },
                        "meta": {},
                        "tainted": false
                    },
                    "deposed": [],
                    "provider": ""
                },
                "aws_eip.redis03": {
                    "type": "aws_eip",
                    "depends_on": [
                        "aws_instance.redis03"
                    ],
                    "primary": {
                        "id": "eipalloc-5a8da66b",
                        "attributes": {
                            "association_id": "eipassoc-beb8a98e",
                            "domain": "vpc",
                            "id": "eipalloc-5a8da66b",
                            "instance": "i-0ea046a0e889c399d",
                            "network_interface": "eni-a01b5db4",
                            "private_ip": "172.31.4.170",
                            "public_ip": "34.202.50.108",
                            "vpc": "true"
                        },
                        "meta": {},
                        "tainted": false
                    },
                    "deposed": [],
                    "provider": ""
                },
                "aws_instance.redis01": {
                    "type": "aws_instance",
                    "depends_on": [
                        "aws_security_group.allow_ssh"
                    ],
                    "primary": {
                        "id": "i-07581b663276cdfa4",
                        "attributes": {
                            "ami": "ami-80861296",
                            "associate_public_ip_address": "true",
                            "availability_zone": "us-east-1a",
                            "disable_api_termination": "false",
                            "ebs_block_device.#": "0",
                            "ebs_optimized": "false",
                            "ephemeral_block_device.#": "0",
                            "iam_instance_profile": "",
                            "id": "i-07581b663276cdfa4",
                            "instance_state": "running",
                            "instance_type": "t2.medium",
                            "ipv6_address_count": "0",
                            "ipv6_addresses.#": "0",
                            "key_name": "thienho",
                            "monitoring": "false",
                            "network_interface.#": "0",
                            "network_interface_id": "eni-1abd6efe",
                            "primary_network_interface_id": "eni-1abd6efe",
                            "private_dns": "ip-172-31-31-117.ec2.internal",
                            "private_ip": "172.31.31.117",
                            "public_dns": "ec2-34-202-114-69.compute-1.amazonaws.com",
                            "public_ip": "34.202.114.69",
                            "root_block_device.#": "1",
                            "root_block_device.0.delete_on_termination": "true",
                            "root_block_device.0.iops": "100",
                            "root_block_device.0.volume_size": "10",
                            "root_block_device.0.volume_type": "gp2",
                            "security_groups.#": "0",
                            "source_dest_check": "true",
                            "subnet_id": "subnet-bccf14f4",
                            "tags.%": "1",
                            "tags.Name": "redis-01",
                            "tenancy": "default",
                            "volume_tags.%": "0",
                            "vpc_security_group_ids.#": "1",
                            "vpc_security_group_ids.356279771": "sg-d14481af"
                        },
                        "meta": {
                            "schema_version": "1"
                        },
                        "tainted": false
                    },
                    "deposed": [],
                    "provider": ""
                },
                "aws_instance.redis02": {
                    "type": "aws_instance",
                    "depends_on": [
                        "aws_security_group.allow_ssh"
                    ],
                    "primary": {
                        "id": "i-089cbbb8bdd218947",
                        "attributes": {
                            "ami": "ami-80861296",
                            "associate_public_ip_address": "true",
                            "availability_zone": "us-east-1b",
                            "disable_api_termination": "false",
                            "ebs_block_device.#": "0",
                            "ebs_optimized": "false",
                            "ephemeral_block_device.#": "0",
                            "iam_instance_profile": "",
                            "id": "i-089cbbb8bdd218947",
                            "instance_state": "running",
                            "instance_type": "t2.medium",
                            "ipv6_address_count": "0",
                            "ipv6_addresses.#": "0",
                            "key_name": "thienho",
                            "monitoring": "false",
                            "network_interface.#": "0",
                            "network_interface_id": "eni-276c28ff",
                            "primary_network_interface_id": "eni-276c28ff",
                            "private_dns": "ip-172-31-35-12.ec2.internal",
                            "private_ip": "172.31.35.12",
                            "public_dns": "ec2-52-203-169-29.compute-1.amazonaws.com",
                            "public_ip": "52.203.169.29",
                            "root_block_device.#": "1",
                            "root_block_device.0.delete_on_termination": "true",
                            "root_block_device.0.iops": "100",
                            "root_block_device.0.volume_size": "10",
                            "root_block_device.0.volume_type": "gp2",
                            "security_groups.#": "0",
                            "source_dest_check": "true",
                            "subnet_id": "subnet-aea641f4",
                            "tags.%": "1",
                            "tags.Name": "redis-02",
                            "tenancy": "default",
                            "volume_tags.%": "0",
                            "vpc_security_group_ids.#": "1",
                            "vpc_security_group_ids.356279771": "sg-d14481af"
                        },
                        "meta": {
                            "schema_version": "1"
                        },
                        "tainted": false
                    },
                    "deposed": [],
                    "provider": ""
                },
                "aws_instance.redis03": {
                    "type": "aws_instance",
                    "depends_on": [
                        "aws_security_group.allow_ssh"
                    ],
                    "primary": {
                        "id": "i-0ea046a0e889c399d",
                        "attributes": {
                            "ami": "ami-80861296",
                            "associate_public_ip_address": "true",
                            "availability_zone": "us-east-1c",
                            "disable_api_termination": "false",
                            "ebs_block_device.#": "0",
                            "ebs_optimized": "false",
                            "ephemeral_block_device.#": "0",
                            "iam_instance_profile": "",
                            "id": "i-0ea046a0e889c399d",
                            "instance_state": "running",
                            "instance_type": "t2.medium",
                            "ipv6_address_count": "0",
                            "ipv6_addresses.#": "0",
                            "key_name": "thienho",
                            "monitoring": "false",
                            "network_interface.#": "0",
                            "network_interface_id": "eni-a01b5db4",
                            "primary_network_interface_id": "eni-a01b5db4",
                            "private_dns": "ip-172-31-4-170.ec2.internal",
                            "private_ip": "172.31.4.170",
                            "public_dns": "ec2-34-202-50-108.compute-1.amazonaws.com",
                            "public_ip": "34.202.50.108",
                            "root_block_device.#": "1",
                            "root_block_device.0.delete_on_termination": "true",
                            "root_block_device.0.iops": "100",
                            "root_block_device.0.volume_size": "10",
                            "root_block_device.0.volume_type": "gp2",
                            "security_groups.#": "0",
                            "source_dest_check": "true",
                            "subnet_id": "subnet-bfb5ecda",
                            "tags.%": "1",
                            "tags.Name": "redis-03",
                            "tenancy": "default",
                            "volume_tags.%": "0",
                            "vpc_security_group_ids.#": "1",
                            "vpc_security_group_ids.356279771": "sg-d14481af"
                        },
                        "meta": {
                            "schema_version": "1"
                        },
                        "tainted": false
                    },
                    "deposed": [],
                    "provider": ""
                },
                "aws_security_group.allow_ssh": {
                    "type": "aws_security_group",
                    "depends_on": [],
                    "primary": {
                        "id": "sg-d14481af",
                        "attributes": {
                            "description": "Allow inbound SSH traffic from my IP",
                            "egress.#": "1",
                            "egress.482069346.cidr_blocks.#": "1",
                            "egress.482069346.cidr_blocks.0": "0.0.0.0/0",
                            "egress.482069346.from_port": "0",
                            "egress.482069346.ipv6_cidr_blocks.#": "0",
                            "egress.482069346.prefix_list_ids.#": "0",
                            "egress.482069346.protocol": "-1",
                            "egress.482069346.security_groups.#": "0",
                            "egress.482069346.self": "false",
                            "egress.482069346.to_port": "0",
                            "id": "sg-d14481af",
                            "ingress.#": "3",
                            "ingress.1385416127.cidr_blocks.#": "1",
                            "ingress.1385416127.cidr_blocks.0": "116.108.157.116/32",
                            "ingress.1385416127.from_port": "0",
                            "ingress.1385416127.ipv6_cidr_blocks.#": "0",
                            "ingress.1385416127.protocol": "-1",
                            "ingress.1385416127.security_groups.#": "0",
                            "ingress.1385416127.self": "false",
                            "ingress.1385416127.to_port": "0",
                            "ingress.2893632856.cidr_blocks.#": "1",
                            "ingress.2893632856.cidr_blocks.0": "172.31.0.0/16",
                            "ingress.2893632856.from_port": "0",
                            "ingress.2893632856.ipv6_cidr_blocks.#": "0",
                            "ingress.2893632856.protocol": "-1",
                            "ingress.2893632856.security_groups.#": "0",
                            "ingress.2893632856.self": "false",
                            "ingress.2893632856.to_port": "0",
                            "ingress.3863632408.cidr_blocks.#": "1",
                            "ingress.3863632408.cidr_blocks.0": "71.228.130.182/32",
                            "ingress.3863632408.from_port": "0",
                            "ingress.3863632408.ipv6_cidr_blocks.#": "0",
                            "ingress.3863632408.protocol": "-1",
                            "ingress.3863632408.security_groups.#": "0",
                            "ingress.3863632408.self": "false",
                            "ingress.3863632408.to_port": "0",
                            "name": "allow_ssh_redis",
                            "owner_id": "025075093992",
                            "tags.%": "1",
                            "tags.Name": "Allow SSH Redis",
                            "vpc_id": "vpc-5fb0a739"
                        },
                        "meta": {},
                        "tainted": false
                    },
                    "deposed": [],
                    "provider": ""
                }
            },
            "depends_on": []
        }
    ]
}
